<?xml version="1.0" encoding="utf-8"?>
<Project ToolsVersion="4.0" xmlns="http://schemas.microsoft.com/developer/msbuild/2003">
  <ItemGroup>
    <Filter Include="소스 파일">
      <UniqueIdentifier>{4FC737F1-C7A5-4376-A066-2A32D752A2FF}</UniqueIdentifier>
      <Extensions>cpp;c;cc;cxx;c++;cppm;ixx;def;odl;idl;hpj;bat;asm;asmx</Extensions>
    </Filter>
    <Filter Include="헤더 파일">
      <UniqueIdentifier>{93995380-89BD-4b04-88EB-625FBE52EBFB}</UniqueIdentifier>
      <Extensions>h;hh;hpp;hxx;h++;hm;inl;inc;ipp;xsd</Extensions>
    </Filter>
    <Filter Include="lua">
      <UniqueIdentifier>{d5b66e6b-0246-426a-ac5e-97cf89c2b103}</UniqueIdentifier>
    </Filter>
    <Filter Include="DB">
      <UniqueIdentifier>{87303012-c012-48a4-9d02-fd9419292007}</UniqueIdentifier>
    </Filter>
    <Filter Include="NPC">
      <UniqueIdentifier>{ecff4190-87d2-4c1a-97f4-452e52d237dc}</UniqueIdentifier>
    </Filter>
    <Filter Include="Client">
      <UniqueIdentifier>{f598544c-ee2a-42d0-b556-242d07326b7c}</UniqueIdentifier>
    </Filter>
    <Filter Include="Timer">
      <UniqueIdentifier>{d7b07a3a-4d5e-42ec-91a0-66c703cdaab1}</UniqueIdentifier>
    </Filter>
    <Filter Include="Server">
      <UniqueIdentifier>{c752e5c3-a920-438e-a11a-665649740ebf}</UniqueIdentifier>
    </Filter>
    <Filter Include="Obstacle">
      <UniqueIdentifier>{c7578a25-144b-43dd-b277-165ef9117e45}</UniqueIdentifier>
    </Filter>
  </ItemGroup>
  <ItemGroup>
    <ClCompile Include="OVERLAP.cpp">
      <Filter>소스 파일</Filter>
    </ClCompile>
    <ClCompile Include="pch.cpp">
      <Filter>소스 파일</Filter>
    </ClCompile>
    <ClCompile Include="DB.cpp">
      <Filter>DB</Filter>
    </ClCompile>
    <ClCompile Include="DBManager.cpp">
      <Filter>DB</Filter>
    </ClCompile>
    <ClCompile Include="LuaManager.cpp">
      <Filter>NPC</Filter>
    </ClCompile>
    <ClCompile Include="NPCManager.cpp">
      <Filter>NPC</Filter>
    </ClCompile>
    <ClCompile Include="AStar.cpp">
      <Filter>NPC</Filter>
    </ClCompile>
    <ClCompile Include="ClientManager.cpp">
      <Filter>Client</Filter>
    </ClCompile>
    <ClCompile Include="SESSION.cpp">
      <Filter>Client</Filter>
    </ClCompile>
    <ClCompile Include="TimerManager.cpp">
      <Filter>Timer</Filter>
    </ClCompile>
    <ClCompile Include="Server.cpp">
      <Filter>Server</Filter>
    </ClCompile>
    <ClCompile Include="GameServer.cpp">
      <Filter>Server</Filter>
    </ClCompile>
    <ClCompile Include="ObstacleManager.cpp">
      <Filter>Obstacle</Filter>
    </ClCompile>
  </ItemGroup>
  <ItemGroup>
    <ClInclude Include="protocol.h">
      <Filter>헤더 파일</Filter>
    </ClInclude>
    <ClInclude Include="OVERLAP.h">
      <Filter>헤더 파일</Filter>
    </ClInclude>
    <ClInclude Include="pch.h">
      <Filter>헤더 파일</Filter>
    </ClInclude>
    <ClInclude Include="include\lauxlib.h">
      <Filter>lua</Filter>
    </ClInclude>
    <ClInclude Include="include\lua.h">
      <Filter>lua</Filter>
    </ClInclude>
    <ClInclude Include="include\lua.hpp">
      <Filter>lua</Filter>
    </ClInclude>
    <ClInclude Include="include\luaconf.h">
      <Filter>lua</Filter>
    </ClInclude>
    <ClInclude Include="include\lualib.h">
      <Filter>lua</Filter>
    </ClInclude>
    <ClInclude Include="Event.h">
      <Filter>헤더 파일</Filter>
    </ClInclude>
    <ClInclude Include="DB.h">
      <Filter>DB</Filter>
    </ClInclude>
    <ClInclude Include="DBManager.h">
      <Filter>DB</Filter>
    </ClInclude>
    <ClInclude Include="LuaManager.h">
      <Filter>NPC</Filter>
    </ClInclude>
    <ClInclude Include="NPCManager.h">
      <Filter>NPC</Filter>
    </ClInclude>
    <ClInclude Include="ClientManager.h">
      <Filter>Client</Filter>
    </ClInclude>
    <ClInclude Include="SESSION.h">
      <Filter>Client</Filter>
    </ClInclude>
    <ClInclude Include="TimerManager.h">
      <Filter>Timer</Filter>
    </ClInclude>
    <ClInclude Include="AStar.h">
      <Filter>NPC</Filter>
    </ClInclude>
    <ClInclude Include="GameServer.h">
      <Filter>Server</Filter>
    </ClInclude>
    <ClInclude Include="ObstacleManager.h">
      <Filter>Obstacle</Filter>
    </ClInclude>
  </ItemGroup>
  <ItemGroup>
    <None Include="npc.lua">
      <Filter>소스 파일</Filter>
    </None>
  </ItemGroup>
  <ItemGroup>
    <Library Include="lua54.lib">
      <Filter>lua</Filter>
    </Library>
  </ItemGroup>
</Project>